
Microsoft Visual Studio Solution File, Format Version 12.00
# Visual Studio Version 17
VisualStudioVersion = 17.4.32804.182
MinimumVisualStudioVersion = 10.0.40219.1
Project("{9A19103F-16F7-4668-BE54-9A1E7A4F7556}") = "WebTranslate", "WebTranslate\WebTranslate.csproj", "{27B36E06-288C-4B82-863F-15F364D37674}"
EndProject
Global
	GlobalSection(SolutionConfigurationPlatforms) = preSolution
		Debug|Any CPU = Debug|Any CPU
		Debug|x64 = Debug|x64
		Release|Any CPU = Release|Any CPU
		Release|x64 = Release|x64
	EndGlobalSection
	GlobalSection(ProjectConfigurationPlatforms) = postSolution
		{27B36E06-288C-4B82-863F-15F364D37674}.Debug|Any CPU.ActiveCfg = Debug|Any CPU
		{27B36E06-288C-4B82-863F-15F364D37674}.Debug|Any CPU.Build.0 = Debug|Any CPU
		{27B36E06-288C-4B82-863F-15F364D37674}.Debug|x64.ActiveCfg = Debug|x64
		{27B36E06-288C-4B82-863F-15F364D37674}.Debug|x64.Build.0 = Debug|x64
		{27B36E06-288C-4B82-863F-15F364D37674}.Release|Any CPU.ActiveCfg = Release|Any CPU
		{27B36E06-288C-4B82-863F-15F364D37674}.Release|Any CPU.Build.0 = Release|Any CPU
		{27B36E06-288C-4B82-863F-15F364D37674}.Release|x64.ActiveCfg = Release|x64
		{27B36E06-288C-4B82-863F-15F364D37674}.Release|x64.Build.0 = Release|x64
	EndGlobalSection
	GlobalSection(SolutionProperties) = preSolution
		HideSolutionNode = FALSE
	EndGlobalSection
	GlobalSection(ExtensibilityGlobals) = postSolution
		SolutionGuid = {B6CA643B-7589-41EC-BC60-0AA91001EC5D}
	EndGlobalSection
EndGlobal
